{
  "nodes": {
    "nixpkgs": {
      "locked": {
        "lastModified": 1778153189,
        "narHash": "sha256-VLELejxInojtYXZOcE+9ouxCxQMFuUiLMkV1bQTEhH4=",
        "owner": "NixOS",
        "repo": "nixpkgs",
        "rev": "34de47d9cd8aac46f356f19314732441fda1c5b0",
        "type": "github"
      },
      "original": {
        "owner": "NixOS",
        "ref": "nixos-unstable",
        "repo": "nixpkgs",
        "type": "github"
      }
    },
    "root": {
      "inputs": {
        "nixpkgs": "nixpkgs"
      }
    }
  },
  "root": "root",
  "version": 7
}
