{
  "nodes": {
    "nixpkgs": {
      "locked": {
        "lastModified": 1787714352,
        "narHash": "sha256-TtJh7JwwtHEiWnyWTKBTOigv04ca2f/w/h4FCWtBovo=",
        "owner": "NixOS",
        "repo": "nixpkgs",
        "rev": "6cd7314be154ef52574f613ed16b0f7098ff8338",
        "type": "github"
      },
      "original": {
        "owner": "NixOS",
        "ref": "nixos-unstable",
        "repo": "nixpkgs",
        "type": "github"
      }
    },
    "root": {
      "inputs": {
        "nixpkgs": "nixpkgs"
      }
    }
  },
  "root": "root",
  "version": 7
}
